<?xml version="1.0" encoding="UTF-8"?>
<CONFIG>
  <ProjectOptions>
    <Version Value="12"/>
    <PathDelim Value="\"/>
    <General>
      <Flags>
        <CompatibilityMode Value="True"/>
      </Flags>
      <Title Value="TexturedFont"/>
      <ResourceType Value="res"/>
    </General>
    <i18n>
      <EnableI18N LFM="False"/>
    </i18n>
    <VersionInfo>
      <UseVersionInfo Value="True"/>
      <AutoIncrementBuild Value="True"/>
      <MajorVersionNr Value="1"/>
      <BuildNr Value="79"/>
      <Language Value="040C"/>
      <StringTable CompanyName="LuluTech - Jean-Luc Solimine" LegalCopyright="LuluTech - Jean-Luc Solimine" LegalTrademarks="LuLuTech" ProductVersion="1.0.0.0"/>
    </VersionInfo>
    <BuildModes Count="2" Active="Debug">
      <Item1 Name="Debug" Default="True"/>
      <Item2 Name="Release">
        <CompilerOptions>
          <Version Value="11"/>
          <PathDelim Value="\"/>
          <Target>
            <Filename Value="TexturedFont"/>
          </Target>
          <SearchPaths>
            <IncludeFiles Value="$(ProjOutDir)"/>
            <OtherUnitFiles Value="Units;..\.."/>
            <UnitOutputDirectory Value="lib\$(TargetCPU)-$(TargetOS)"/>
          </SearchPaths>
          <CodeGeneration>
            <SmartLinkUnit Value="True"/>
            <Optimizations>
              <OptimizationLevel Value="3"/>
              <VariablesInRegisters Value="True"/>
            </Optimizations>
          </CodeGeneration>
          <Linking>
            <Debugging>
              <GenerateDebugInfo Value="False"/>
            </Debugging>
            <LinkSmart Value="True"/>
            <Options>
              <Win32>
                <GraphicApplication Value="True"/>
              </Win32>
            </Options>
          </Linking>
        </CompilerOptions>
      </Item2>
    </BuildModes>
    <PublishOptions>
      <Version Value="2"/>
    </PublishOptions>
    <RunParams>
      <FormatVersion Value="2"/>
      <Modes Count="1">
        <Mode0 Name="default"/>
      </Modes>
    </RunParams>
    <RequiredPackages Count="4">
      <Item1>
        <PackageName Value="LazOpenGLContext"/>
      </Item1>
      <Item2>
        <PackageName Value="BGRABitmapPack"/>
        <MinVersion Major="9" Valid="True"/>
      </Item2>
      <Item3>
        <PackageName Value="LazUtils"/>
      </Item3>
      <Item4>
        <PackageName Value="LCL"/>
      </Item4>
    </RequiredPackages>
    <Units Count="23">
      <Unit0>
        <Filename Value="TexturedFont.lpr"/>
        <IsPartOfProject Value="True"/>
        <EditorIndex Value="3"/>
        <CursorPos X="33" Y="14"/>
        <UsageCount Value="200"/>
        <Loaded Value="True"/>
      </Unit0>
      <Unit1>
        <Filename Value="Units\form_main.pas"/>
        <IsPartOfProject Value="True"/>
        <ComponentName Value="FormMain"/>
        <HasResources Value="True"/>
        <ResourceBaseClass Value="Form"/>
        <EditorIndex Value="1"/>
        <TopLine Value="70"/>
        <CursorPos X="3" Y="80"/>
        <UsageCount Value="200"/>
        <Loaded Value="True"/>
        <LoadedDesigner Value="True"/>
      </Unit1>
      <Unit2>
        <Filename Value="Units\windowsscene.pas"/>
        <ComponentName Value="Window_Scene"/>
        <HasResources Value="True"/>
        <ResourceBaseClass Value="Form"/>
        <UnitName Value="WindowsScene"/>
        <EditorIndex Value="-1"/>
        <CursorPos X="2" Y="36"/>
        <UsageCount Value="196"/>
      </Unit2>
      <Unit3>
        <Filename Value="Units\screen_title.pas"/>
        <IsPartOfProject Value="True"/>
        <IsVisibleTab Value="True"/>
        <EditorIndex Value="2"/>
        <TopLine Value="81"/>
        <CursorPos X="120" Y="101"/>
        <UsageCount Value="78"/>
        <Loaded Value="True"/>
      </Unit3>
      <Unit4>
        <Filename Value="Units\u_common.pas"/>
        <CursorPos Y="19"/>
        <UsageCount Value="24"/>
        <Loaded Value="True"/>
      </Unit4>
      <Unit5>
        <Filename Value="..\OGLCScene\oglcCamera.inc"/>
        <EditorIndex Value="-1"/>
        <TopLine Value="198"/>
        <CursorPos X="53" Y="213"/>
        <UsageCount Value="8"/>
      </Unit5>
      <Unit6>
        <Filename Value="..\OGLCScene\OGLCScene.pas"/>
        <EditorIndex Value="-1"/>
        <TopLine Value="863"/>
        <CursorPos X="32" Y="867"/>
        <UsageCount Value="9"/>
      </Unit6>
      <Unit7>
        <Filename Value="..\OGLCScene\oglcScreenTemplate.inc"/>
        <EditorIndex Value="-1"/>
        <TopLine Value="10"/>
        <CursorPos X="74" Y="27"/>
        <UsageCount Value="8"/>
      </Unit7>
      <Unit8>
        <Filename Value="C:\home\lulu\fpcupdeluxe\lazarus\lcl\forms.pp"/>
        <UnitName Value="Forms"/>
        <EditorIndex Value="-1"/>
        <TopLine Value="56"/>
        <CursorPos X="3" Y="69"/>
        <UsageCount Value="8"/>
      </Unit8>
      <Unit9>
        <Filename Value="..\OGLCScene\oglcTextureAtlas.inc"/>
        <EditorIndex Value="-1"/>
        <TopLine Value="499"/>
        <CursorPos X="17" Y="513"/>
        <UsageCount Value="8"/>
      </Unit9>
      <Unit10>
        <Filename Value="..\OGLCScene\oglcTexture.inc"/>
        <EditorIndex Value="-1"/>
        <TopLine Value="686"/>
        <CursorPos X="3" Y="690"/>
        <UsageCount Value="8"/>
      </Unit10>
      <Unit11>
        <Filename Value="..\UnitsCommon\VelocityCurve.pas"/>
        <EditorIndex Value="-1"/>
        <TopLine Value="25"/>
        <CursorPos X="35" Y="39"/>
        <UsageCount Value="8"/>
      </Unit11>
      <Unit12>
        <Filename Value="..\OGLCScene\oglcVelocityCurve.inc"/>
        <EditorIndex Value="-1"/>
        <CursorPos Y="16"/>
        <UsageCount Value="8"/>
      </Unit12>
      <Unit13>
        <Filename Value="C:\lazarus\fpc\3.2.2\source\rtl\win\syswinh.inc"/>
        <EditorIndex Value="-1"/>
        <CursorPos X="30" Y="19"/>
        <UsageCount Value="8"/>
      </Unit13>
      <Unit14>
        <Filename Value="..\..\oglcTextureAtlas.inc"/>
        <EditorIndex Value="-1"/>
        <TopLine Value="591"/>
        <CursorPos X="3" Y="593"/>
        <UsageCount Value="9"/>
      </Unit14>
      <Unit15>
        <Filename Value="..\..\oglcScreenTemplate.inc"/>
        <EditorIndex Value="-1"/>
        <TopLine Value="23"/>
        <CursorPos X="13" Y="36"/>
        <UsageCount Value="9"/>
      </Unit15>
      <Unit16>
        <Filename Value="..\..\oglcSurface.inc"/>
        <EditorIndex Value="-1"/>
        <TopLine Value="149"/>
        <CursorPos X="14" Y="160"/>
        <UsageCount Value="8"/>
      </Unit16>
      <Unit17>
        <Filename Value="..\..\OGLCScene.pas"/>
        <EditorIndex Value="4"/>
        <TopLine Value="169"/>
        <CursorPos X="29" Y="189"/>
        <UsageCount Value="22"/>
        <Loaded Value="True"/>
      </Unit17>
      <Unit18>
        <Filename Value="..\..\oglcTexturedFont.inc"/>
        <EditorIndex Value="5"/>
        <TopLine Value="343"/>
        <CursorPos X="14" Y="352"/>
        <UsageCount Value="22"/>
        <Loaded Value="True"/>
      </Unit18>
      <Unit19>
        <Filename Value="..\..\oglcUtils.inc"/>
        <EditorIndex Value="-1"/>
        <TopLine Value="271"/>
        <CursorPos X="37" Y="290"/>
        <UsageCount Value="22"/>
      </Unit19>
      <Unit20>
        <Filename Value="..\..\oglcType.inc"/>
        <EditorIndex Value="-1"/>
        <TopLine Value="212"/>
        <CursorPos X="15" Y="228"/>
        <UsageCount Value="20"/>
      </Unit20>
      <Unit21>
        <Filename Value="..\..\oglcTexture.inc"/>
        <EditorIndex Value="-1"/>
        <TopLine Value="72"/>
        <CursorPos X="12" Y="45"/>
        <UsageCount Value="20"/>
      </Unit21>
      <Unit22>
        <Filename Value="..\..\oglcUIScrollable.inc"/>
        <EditorIndex Value="-1"/>
        <TopLine Value="1038"/>
        <CursorPos Y="1050"/>
        <UsageCount Value="11"/>
      </Unit22>
    </Units>
    <JumpHistory Count="8" HistoryIndex="7">
      <Position1>
        <Filename Value="..\..\oglcTexturedFont.inc"/>
        <Caret Line="403" Column="46" TopLine="391"/>
      </Position1>
      <Position2>
        <Filename Value="..\..\oglcTexturedFont.inc"/>
        <Caret Line="189" Column="17" TopLine="180"/>
      </Position2>
      <Position3>
        <Filename Value="..\..\oglcTexturedFont.inc"/>
        <Caret Line="448" Column="28" TopLine="439"/>
      </Position3>
      <Position4>
        <Filename Value="..\..\oglcTexturedFont.inc"/>
        <Caret Line="204" Column="19" TopLine="190"/>
      </Position4>
      <Position5>
        <Filename Value="..\..\oglcTexturedFont.inc"/>
        <Caret Line="275" Column="29" TopLine="260"/>
      </Position5>
      <Position6>
        <Filename Value="..\..\oglcTexturedFont.inc"/>
        <Caret Line="189" Column="19" TopLine="184"/>
      </Position6>
      <Position7>
        <Filename Value="..\..\oglcTexturedFont.inc"/>
        <Caret Line="456" Column="19" TopLine="439"/>
      </Position7>
      <Position8>
        <Filename Value="..\..\oglcTexturedFont.inc"/>
        <Caret Line="204" Column="20" TopLine="185"/>
      </Position8>
    </JumpHistory>
  </ProjectOptions>
  <CompilerOptions>
    <Version Value="11"/>
    <PathDelim Value="\"/>
    <Target>
      <Filename Value="TexturedFont"/>
    </Target>
    <SearchPaths>
      <IncludeFiles Value="$(ProjOutDir)"/>
      <OtherUnitFiles Value="Units;..\.."/>
      <UnitOutputDirectory Value="lib\$(TargetCPU)-$(TargetOS)"/>
    </SearchPaths>
    <Parsing>
      <SyntaxOptions>
        <IncludeAssertionCode Value="True"/>
      </SyntaxOptions>
    </Parsing>
    <CodeGeneration>
      <Checks>
        <IOChecks Value="True"/>
        <RangeChecks Value="True"/>
        <OverflowChecks Value="True"/>
        <StackChecks Value="True"/>
      </Checks>
      <VerifyObjMethodCallValidity Value="True"/>
      <Optimizations>
        <VariablesInRegisters Value="True"/>
      </Optimizations>
    </CodeGeneration>
    <Linking>
      <Debugging>
        <DebugInfoType Value="dsDwarf3"/>
        <UseHeaptrc Value="True"/>
        <TrashVariables Value="True"/>
        <UseExternalDbgSyms Value="True"/>
      </Debugging>
      <Options>
        <Win32>
          <GraphicApplication Value="True"/>
        </Win32>
      </Options>
    </Linking>
  </CompilerOptions>
  <Debugging>
    <Exceptions Count="3">
      <Item1>
        <Name Value="EAbort"/>
      </Item1>
      <Item2>
        <Name Value="ECodetoolError"/>
      </Item2>
      <Item3>
        <Name Value="EFOpenError"/>
      </Item3>
    </Exceptions>
  </Debugging>
</CONFIG>
