<?xml version="1.0" encoding="UTF-8"?>
<CONFIG>
  <ProjectOptions>
    <Version Value="12"/>
    <PathDelim Value="\"/>
    <General>
      <Flags>
        <CompatibilityMode Value="True"/>
      </Flags>
      <Title Value="GameHelper"/>
      <ResourceType Value="res"/>
    </General>
    <i18n>
      <EnableI18N LFM="False"/>
    </i18n>
    <VersionInfo>
      <UseVersionInfo Value="True"/>
      <AutoIncrementBuild Value="True"/>
      <MajorVersionNr Value="1"/>
      <BuildNr Value="88"/>
      <Language Value="040C"/>
      <StringTable CompanyName="LuluTech - Jean-Luc Solimine" LegalCopyright="LuluTech - Jean-Luc Solimine" LegalTrademarks="LuLuTech" ProductVersion="1.0.0.0"/>
    </VersionInfo>
    <BuildModes Count="2" Active="Debug">
      <Item1 Name="Debug" Default="True"/>
      <Item2 Name="Release">
        <CompilerOptions>
          <Version Value="11"/>
          <PathDelim Value="\"/>
          <Target>
            <Filename Value="Binary\GameHelper"/>
          </Target>
          <SearchPaths>
            <IncludeFiles Value="$(ProjOutDir)"/>
            <OtherUnitFiles Value="..\UnitsCommon;Units;..\OGLCScene"/>
            <UnitOutputDirectory Value="lib\$(TargetCPU)-$(TargetOS)"/>
          </SearchPaths>
          <CodeGeneration>
            <SmartLinkUnit Value="True"/>
            <Optimizations>
              <OptimizationLevel Value="3"/>
              <VariablesInRegisters Value="True"/>
            </Optimizations>
          </CodeGeneration>
          <Linking>
            <Debugging>
              <GenerateDebugInfo Value="False"/>
            </Debugging>
            <LinkSmart Value="True"/>
            <Options>
              <Win32>
                <GraphicApplication Value="True"/>
              </Win32>
            </Options>
          </Linking>
        </CompilerOptions>
      </Item2>
    </BuildModes>
    <PublishOptions>
      <Version Value="2"/>
    </PublishOptions>
    <RunParams>
      <FormatVersion Value="2"/>
      <Modes Count="1">
        <Mode0 Name="default"/>
      </Modes>
    </RunParams>
    <RequiredPackages Count="4">
      <Item1>
        <PackageName Value="LazOpenGLContext"/>
      </Item1>
      <Item2>
        <PackageName Value="BGRABitmapPack"/>
        <MinVersion Major="9" Valid="True"/>
      </Item2>
      <Item3>
        <PackageName Value="LazUtils"/>
      </Item3>
      <Item4>
        <PackageName Value="LCL"/>
      </Item4>
    </RequiredPackages>
    <Units Count="83">
      <Unit0>
        <Filename Value="GameHelper.lpr"/>
        <IsPartOfProject Value="True"/>
        <WindowIndex Value="1"/>
        <TopLine Value="4"/>
        <CursorPos X="70" Y="16"/>
        <UsageCount Value="200"/>
        <Loaded Value="True"/>
      </Unit0>
      <Unit1>
        <Filename Value="Units\form_main.pas"/>
        <IsPartOfProject Value="True"/>
        <ComponentName Value="FormMain"/>
        <HasResources Value="True"/>
        <ResourceBaseClass Value="Form"/>
        <EditorIndex Value="3"/>
        <TopLine Value="259"/>
        <CursorPos X="34" Y="279"/>
        <UsageCount Value="200"/>
        <Loaded Value="True"/>
        <LoadedDesigner Value="True"/>
      </Unit1>
      <Unit2>
        <Filename Value="Units\windowsscene.pas"/>
        <ComponentName Value="Window_Scene"/>
        <HasResources Value="True"/>
        <ResourceBaseClass Value="Form"/>
        <UnitName Value="WindowsScene"/>
        <EditorIndex Value="-1"/>
        <CursorPos X="2" Y="36"/>
        <UsageCount Value="161"/>
      </Unit2>
      <Unit3>
        <Filename Value="Units\u_screen_spritebuilder.pas"/>
        <IsPartOfProject Value="True"/>
        <EditorIndex Value="2"/>
        <TopLine Value="830"/>
        <CursorPos Y="843"/>
        <UsageCount Value="202"/>
        <Loaded Value="True"/>
      </Unit3>
      <Unit4>
        <Filename Value="Units\u_common.pas"/>
        <IsPartOfProject Value="True"/>
        <TopLine Value="4"/>
        <CursorPos X="14" Y="17"/>
        <UsageCount Value="201"/>
        <Loaded Value="True"/>
      </Unit4>
      <Unit5>
        <Filename Value="..\OGLCScene\OGLCScene.pas"/>
        <EditorIndex Value="-1"/>
        <WindowIndex Value="1"/>
        <TopLine Value="441"/>
        <CursorPos Y="445"/>
        <UsageCount Value="31"/>
      </Unit5>
      <Unit6>
        <Filename Value="..\OGLCScene\oglcTextureAtlas.inc"/>
        <EditorIndex Value="-1"/>
        <WindowIndex Value="1"/>
        <TopLine Value="112"/>
        <CursorPos X="29" Y="131"/>
        <UsageCount Value="29"/>
      </Unit6>
      <Unit7>
        <Filename Value="..\OGLCScene\oglcVelocityCurve.inc"/>
        <EditorIndex Value="-1"/>
        <WindowIndex Value="1"/>
        <TopLine Value="175"/>
        <CursorPos X="49" Y="193"/>
        <UsageCount Value="26"/>
      </Unit7>
      <Unit8>
        <Filename Value="..\OGLCScene\oglcAppSaveUtils.inc"/>
        <EditorIndex Value="-1"/>
        <WindowIndex Value="1"/>
        <CursorPos X="70" Y="13"/>
        <UsageCount Value="31"/>
      </Unit8>
      <Unit9>
        <Filename Value="Units\u_project.pas"/>
        <IsPartOfProject Value="True"/>
        <IsVisibleTab Value="True"/>
        <EditorIndex Value="1"/>
        <WindowIndex Value="1"/>
        <TopLine Value="117"/>
        <CursorPos X="44" Y="124"/>
        <UsageCount Value="201"/>
        <Loaded Value="True"/>
      </Unit9>
      <Unit10>
        <Filename Value="Units\u_sprite_littlered.pas"/>
        <EditorIndex Value="-1"/>
        <TopLine Value="129"/>
        <CursorPos X="16" Y="132"/>
        <UsageCount Value="90"/>
      </Unit10>
      <Unit11>
        <Filename Value="..\OGLCScene\oglcUtils.inc"/>
        <EditorIndex Value="-1"/>
        <WindowIndex Value="1"/>
        <TopLine Value="255"/>
        <CursorPos Y="259"/>
        <UsageCount Value="29"/>
      </Unit11>
      <Unit12>
        <Filename Value="..\OGLCScene\oglcSpriteTemplate.inc"/>
        <EditorIndex Value="-1"/>
        <WindowIndex Value="1"/>
        <TopLine Value="263"/>
        <CursorPos Y="276"/>
        <UsageCount Value="26"/>
      </Unit12>
      <Unit13>
        <Filename Value="..\OGLCScene\oglcDeformationGrid.inc"/>
        <EditorIndex Value="-1"/>
        <WindowIndex Value="1"/>
        <TopLine Value="99"/>
        <CursorPos X="61" Y="110"/>
        <UsageCount Value="25"/>
      </Unit13>
      <Unit14>
        <Filename Value="..\OGLCScene\oglcSurface.inc"/>
        <EditorIndex Value="-1"/>
        <WindowIndex Value="1"/>
        <TopLine Value="627"/>
        <CursorPos X="39" Y="647"/>
        <UsageCount Value="23"/>
      </Unit14>
      <Unit15>
        <Filename Value="C:\lazarus\fpc\3.2.2\source\rtl\objpas\classes\classesh.inc"/>
        <EditorIndex Value="-1"/>
        <WindowIndex Value="1"/>
        <TopLine Value="180"/>
        <CursorPos X="64" Y="196"/>
        <UsageCount Value="2"/>
      </Unit15>
      <Unit16>
        <Filename Value="..\OGLCScene\oglcUIScrollable.inc"/>
        <EditorIndex Value="-1"/>
        <WindowIndex Value="1"/>
        <TopLine Value="445"/>
        <CursorPos X="59" Y="454"/>
        <UsageCount Value="22"/>
      </Unit16>
      <Unit17>
        <Filename Value="..\OGLCScene\oglcTileMap.inc"/>
        <EditorIndex Value="-1"/>
        <WindowIndex Value="1"/>
        <TopLine Value="487"/>
        <CursorPos X="40" Y="512"/>
        <UsageCount Value="22"/>
      </Unit17>
      <Unit18>
        <Filename Value="..\OGLCScene\oglcUI.inc"/>
        <EditorIndex Value="-1"/>
        <WindowIndex Value="1"/>
        <TopLine Value="1755"/>
        <CursorPos X="51" Y="1770"/>
        <UsageCount Value="22"/>
      </Unit18>
      <Unit19>
        <Filename Value="..\OGLCScene\oglcTexturedFont.inc"/>
        <EditorIndex Value="-1"/>
        <WindowIndex Value="1"/>
        <TopLine Value="760"/>
        <CursorPos X="47" Y="783"/>
        <UsageCount Value="22"/>
      </Unit19>
      <Unit20>
        <Filename Value="..\OGLCScene\oglcLayer.inc"/>
        <EditorIndex Value="-1"/>
        <WindowIndex Value="1"/>
        <TopLine Value="78"/>
        <CursorPos X="5" Y="85"/>
        <UsageCount Value="21"/>
      </Unit20>
      <Unit21>
        <Filename Value="..\OGLCScene\oglcPath.inc"/>
        <EditorIndex Value="-1"/>
        <WindowIndex Value="1"/>
        <TopLine Value="74"/>
        <CursorPos Y="88"/>
        <UsageCount Value="20"/>
      </Unit21>
      <Unit22>
        <Filename Value="..\OGLCScene\oglcMultiRendererFactory.inc"/>
        <EditorIndex Value="-1"/>
        <WindowIndex Value="1"/>
        <TopLine Value="230"/>
        <CursorPos X="13" Y="242"/>
        <UsageCount Value="14"/>
      </Unit22>
      <Unit23>
        <Filename Value="..\OGLCScene\gl_core_matrix.inc"/>
        <EditorIndex Value="-1"/>
        <WindowIndex Value="1"/>
        <TopLine Value="491"/>
        <CursorPos X="20" Y="555"/>
        <UsageCount Value="12"/>
      </Unit23>
      <Unit24>
        <Filename Value="C:\Users\JLS\AppData\Local\lazarus\onlinepackagemanager\packages\BGRABitmap\bgrabitmap\bgrasvg.pas"/>
        <UnitName Value="BGRASVG"/>
        <EditorIndex Value="-1"/>
        <WindowIndex Value="1"/>
        <TopLine Value="234"/>
        <CursorPos X="14" Y="246"/>
        <UsageCount Value="6"/>
      </Unit24>
      <Unit25>
        <Filename Value="Units\u_sprite_wolf.pas"/>
        <EditorIndex Value="-1"/>
        <TopLine Value="280"/>
        <CursorPos Y="304"/>
        <UsageCount Value="48"/>
      </Unit25>
      <Unit26>
        <Filename Value="..\OGLCScene\oglcGlow.inc"/>
        <EditorIndex Value="-1"/>
        <WindowIndex Value="1"/>
        <TopLine Value="56"/>
        <CursorPos X="48" Y="70"/>
        <UsageCount Value="2"/>
      </Unit26>
      <Unit27>
        <Filename Value="Units\u_screen_game1.pas"/>
        <EditorIndex Value="-1"/>
        <TopLine Value="34"/>
        <CursorPos X="17" Y="47"/>
        <UsageCount Value="16"/>
      </Unit27>
      <Unit28>
        <Filename Value="Units\u_sprite_common.pas"/>
        <EditorIndex Value="-1"/>
        <TopLine Value="55"/>
        <CursorPos X="29" Y="70"/>
        <UsageCount Value="14"/>
      </Unit28>
      <Unit29>
        <Filename Value="Units\u_texture_list.pas"/>
        <IsPartOfProject Value="True"/>
        <EditorIndex Value="9"/>
        <TopLine Value="94"/>
        <CursorPos X="24" Y="106"/>
        <UsageCount Value="200"/>
        <Loaded Value="True"/>
      </Unit29>
      <Unit30>
        <Filename Value="C:\lazarus\fpc\3.2.2\source\packages\fcl-stl\src\gvector.pp"/>
        <EditorIndex Value="-1"/>
        <TopLine Value="227"/>
        <CursorPos X="3" Y="230"/>
        <UsageCount Value="50"/>
      </Unit30>
      <Unit31>
        <Filename Value="..\..\OGLCScene.pas"/>
        <EditorIndex Value="-1"/>
        <WindowIndex Value="1"/>
        <TopLine Value="647"/>
        <CursorPos X="43" Y="660"/>
        <UsageCount Value="6"/>
      </Unit31>
      <Unit32>
        <Filename Value="..\..\oglcType.inc"/>
        <EditorIndex Value="-1"/>
        <WindowIndex Value="1"/>
        <TopLine Value="238"/>
        <UsageCount Value="6"/>
      </Unit32>
      <Unit33>
        <Filename Value="..\..\oglcTexture.inc"/>
        <EditorIndex Value="-1"/>
        <WindowIndex Value="1"/>
        <TopLine Value="22"/>
        <UsageCount Value="6"/>
      </Unit33>
      <Unit34>
        <Filename Value="..\..\oglcTextureAtlas.inc"/>
        <EditorIndex Value="-1"/>
        <WindowIndex Value="1"/>
        <TopLine Value="13"/>
        <CursorPos X="25" Y="19"/>
        <UsageCount Value="6"/>
      </Unit34>
      <Unit35>
        <Filename Value="Units\form_tool_spritebuilder.pas"/>
        <ComponentName Value="FormToolsBuilder"/>
        <HasResources Value="True"/>
        <ResourceBaseClass Value="Form"/>
        <EditorIndex Value="-1"/>
        <TopLine Value="390"/>
        <CursorPos X="31" Y="397"/>
        <UsageCount Value="146"/>
      </Unit35>
      <Unit36>
        <Filename Value="..\..\oglcAppSaveUtils.inc"/>
        <EditorIndex Value="-1"/>
        <WindowIndex Value="1"/>
        <TopLine Value="16"/>
        <CursorPos X="23" Y="40"/>
        <UsageCount Value="6"/>
      </Unit36>
      <Unit37>
        <Filename Value="..\..\..\UnitsCommon\project_util.pas"/>
        <EditorIndex Value="-1"/>
        <TopLine Value="337"/>
        <CursorPos Y="350"/>
        <UsageCount Value="22"/>
      </Unit37>
      <Unit38>
        <Filename Value="Units\u_app_pref.pas"/>
        <IsPartOfProject Value="True"/>
        <EditorIndex Value="3"/>
        <WindowIndex Value="1"/>
        <TopLine Value="59"/>
        <CursorPos X="23" Y="69"/>
        <UsageCount Value="200"/>
        <Loaded Value="True"/>
      </Unit38>
      <Unit39>
        <Filename Value="..\..\source\OGLCScene.pas"/>
        <WindowIndex Value="2"/>
        <TopLine Value="1469"/>
        <CursorPos Y="1482"/>
        <UsageCount Value="103"/>
        <Loaded Value="True"/>
      </Unit39>
      <Unit40>
        <Filename Value="Units\u_surface_list.pas"/>
        <IsPartOfProject Value="True"/>
        <EditorIndex Value="8"/>
        <TopLine Value="91"/>
        <CursorPos X="13" Y="105"/>
        <UsageCount Value="207"/>
        <Loaded Value="True"/>
      </Unit40>
      <Unit41>
        <Filename Value="..\..\source\oglcFXScrolledSprite.inc"/>
        <EditorIndex Value="21"/>
        <WindowIndex Value="2"/>
        <TopLine Value="97"/>
        <CursorPos Y="103"/>
        <UsageCount Value="103"/>
        <Loaded Value="True"/>
      </Unit41>
      <Unit42>
        <Filename Value="..\..\source\oglcTexture.inc"/>
        <EditorIndex Value="20"/>
        <WindowIndex Value="2"/>
        <TopLine Value="408"/>
        <CursorPos Y="422"/>
        <UsageCount Value="102"/>
        <Loaded Value="True"/>
      </Unit42>
      <Unit43>
        <Filename Value="..\..\source\oglcTextureAtlas.inc"/>
        <EditorIndex Value="19"/>
        <WindowIndex Value="2"/>
        <TopLine Value="40"/>
        <CursorPos X="19" Y="62"/>
        <UsageCount Value="100"/>
        <Loaded Value="True"/>
      </Unit43>
      <Unit44>
        <Filename Value="..\..\source\oglcSurface.inc"/>
        <IsVisibleTab Value="True"/>
        <EditorIndex Value="18"/>
        <WindowIndex Value="2"/>
        <TopLine Value="1593"/>
        <CursorPos Y="1598"/>
        <ExtraEditorCount Value="1"/>
        <ExtraEditor1>
          <EditorIndex Value="-1"/>
          <WindowIndex Value="2"/>
          <TopLine Value="-1"/>
          <CursorPos X="-1" Y="-1"/>
        </ExtraEditor1>
        <UsageCount Value="100"/>
        <Loaded Value="True"/>
      </Unit44>
      <Unit45>
        <Filename Value="..\..\source\oglcCollisionBody.inc"/>
        <EditorIndex Value="17"/>
        <WindowIndex Value="2"/>
        <CursorPos X="76" Y="9"/>
        <UsageCount Value="100"/>
        <Loaded Value="True"/>
      </Unit45>
      <Unit46>
        <Filename Value="..\..\source\oglcUtils.inc"/>
        <EditorIndex Value="10"/>
        <WindowIndex Value="2"/>
        <TopLine Value="19"/>
        <CursorPos X="24" Y="34"/>
        <UsageCount Value="101"/>
        <Loaded Value="True"/>
      </Unit46>
      <Unit47>
        <Filename Value="..\..\source\oglcMath.inc"/>
        <EditorIndex Value="8"/>
        <WindowIndex Value="2"/>
        <TopLine Value="64"/>
        <CursorPos X="52" Y="76"/>
        <UsageCount Value="101"/>
        <Loaded Value="True"/>
      </Unit47>
      <Unit48>
        <Filename Value="Units\u_utils.pas"/>
        <IsPartOfProject Value="True"/>
        <EditorIndex Value="2"/>
        <WindowIndex Value="1"/>
        <TopLine Value="2"/>
        <CursorPos X="13" Y="10"/>
        <UsageCount Value="200"/>
        <Loaded Value="True"/>
      </Unit48>
      <Unit49>
        <Filename Value="Units\u_screen_template.pas"/>
        <IsPartOfProject Value="True"/>
        <EditorIndex Value="1"/>
        <TopLine Value="105"/>
        <CursorPos X="47" Y="117"/>
        <UsageCount Value="202"/>
        <Loaded Value="True"/>
      </Unit49>
      <Unit50>
        <Filename Value="C:\lazarus\lcl\include\spinedit.inc"/>
        <EditorIndex Value="-1"/>
        <TopLine Value="262"/>
        <CursorPos Y="275"/>
        <UsageCount Value="2"/>
      </Unit50>
      <Unit51>
        <Filename Value="C:\lazarus\lcl\include\customcheckbox.inc"/>
        <EditorIndex Value="-1"/>
        <TopLine Value="158"/>
        <CursorPos Y="173"/>
        <UsageCount Value="2"/>
      </Unit51>
      <Unit52>
        <Filename Value="C:\lazarus\lcl\include\control.inc"/>
        <EditorIndex Value="-1"/>
        <TopLine Value="3618"/>
        <CursorPos Y="3630"/>
        <UsageCount Value="2"/>
      </Unit52>
      <Unit53>
        <Filename Value="..\..\source\oglcSpriteTemplate.inc"/>
        <EditorIndex Value="14"/>
        <WindowIndex Value="2"/>
        <TopLine Value="466"/>
        <CursorPos X="16" Y="472"/>
        <UsageCount Value="102"/>
        <Loaded Value="True"/>
      </Unit53>
      <Unit54>
        <Filename Value="..\..\source\oglcAppSaveUtils.inc"/>
        <EditorIndex Value="1"/>
        <WindowIndex Value="2"/>
        <TopLine Value="250"/>
        <CursorPos X="40" Y="270"/>
        <UsageCount Value="65"/>
        <Loaded Value="True"/>
      </Unit54>
      <Unit55>
        <Filename Value="..\..\source\oglcLogFile.inc"/>
        <EditorIndex Value="13"/>
        <WindowIndex Value="2"/>
        <TopLine Value="7"/>
        <CursorPos X="13" Y="22"/>
        <UsageCount Value="100"/>
        <Loaded Value="True"/>
      </Unit55>
      <Unit56>
        <Filename Value="..\..\source\oglcCamera.inc"/>
        <EditorIndex Value="22"/>
        <WindowIndex Value="2"/>
        <TopLine Value="513"/>
        <CursorPos X="28" Y="531"/>
        <UsageCount Value="100"/>
        <Loaded Value="True"/>
      </Unit56>
      <Unit57>
        <Filename Value="..\..\source\oglcPath.inc"/>
        <EditorIndex Value="16"/>
        <WindowIndex Value="2"/>
        <TopLine Value="87"/>
        <CursorPos X="47" Y="89"/>
        <UsageCount Value="100"/>
        <Loaded Value="True"/>
      </Unit57>
      <Unit58>
        <Filename Value="..\..\source\oglcUI.inc"/>
        <EditorIndex Value="12"/>
        <WindowIndex Value="2"/>
        <TopLine Value="2083"/>
        <CursorPos Y="2095"/>
        <UsageCount Value="100"/>
        <Loaded Value="True"/>
      </Unit58>
      <Unit59>
        <Filename Value="..\..\source\oglcVelocityCurve.inc"/>
        <EditorIndex Value="11"/>
        <WindowIndex Value="2"/>
        <TopLine Value="947"/>
        <CursorPos Y="963"/>
        <UsageCount Value="100"/>
        <Loaded Value="True"/>
      </Unit59>
      <Unit60>
        <Filename Value="Units\u_spritebank.pas"/>
        <IsPartOfProject Value="True"/>
        <EditorIndex Value="7"/>
        <TopLine Value="23"/>
        <CursorPos X="13" Y="36"/>
        <UsageCount Value="200"/>
        <Loaded Value="True"/>
      </Unit60>
      <Unit61>
        <Filename Value="C:\lazarus\lcl\lcltype.pp"/>
        <UnitName Value="LCLType"/>
        <EditorIndex Value="-1"/>
        <TopLine Value="409"/>
        <CursorPos X="14" Y="416"/>
        <UsageCount Value="8"/>
      </Unit61>
      <Unit62>
        <Filename Value="..\..\source\oglcLayer.inc"/>
        <EditorIndex Value="7"/>
        <WindowIndex Value="2"/>
        <TopLine Value="554"/>
        <CursorPos Y="569"/>
        <UsageCount Value="88"/>
        <Loaded Value="True"/>
      </Unit62>
      <Unit63>
        <Filename Value="Units\u_ui_handle.pas"/>
        <IsPartOfProject Value="True"/>
        <EditorIndex Value="12"/>
        <TopLine Value="63"/>
        <CursorPos Y="71"/>
        <UsageCount Value="189"/>
        <Loaded Value="True"/>
      </Unit63>
      <Unit64>
        <Filename Value="C:\lazarus\fpc\3.2.2\source\rtl\inc\typshrdh.inc"/>
        <EditorIndex Value="-1"/>
        <TopLine Value="111"/>
        <CursorPos X="23" Y="124"/>
        <UsageCount Value="3"/>
      </Unit64>
      <Unit65>
        <Filename Value="C:\lazarus\fpc\3.2.2\source\rtl\inc\typshrd.inc"/>
        <EditorIndex Value="-1"/>
        <TopLine Value="255"/>
        <CursorPos X="3" Y="257"/>
        <UsageCount Value="3"/>
      </Unit65>
      <Unit66>
        <Filename Value="..\..\source\oglcType.inc"/>
        <EditorIndex Value="9"/>
        <WindowIndex Value="2"/>
        <TopLine Value="100"/>
        <CursorPos X="16" Y="111"/>
        <UsageCount Value="93"/>
        <Loaded Value="True"/>
      </Unit66>
      <Unit67>
        <Filename Value="Units\u_screen_spritebank.pas"/>
        <IsPartOfProject Value="True"/>
        <EditorIndex Value="11"/>
        <CursorPos X="3" Y="9"/>
        <UsageCount Value="167"/>
        <Loaded Value="True"/>
      </Unit67>
      <Unit68>
        <Filename Value="Units\frame_tool_spritebuilder.pas"/>
        <IsPartOfProject Value="True"/>
        <ComponentName Value="FrameToolsSpriteBuilder"/>
        <HasResources Value="True"/>
        <ResourceBaseClass Value="Frame"/>
        <EditorIndex Value="5"/>
        <TopLine Value="633"/>
        <CursorPos X="21" Y="645"/>
        <UsageCount Value="167"/>
        <Bookmarks Count="1">
          <Item0 X="2" Y="644"/>
        </Bookmarks>
        <Loaded Value="True"/>
        <LoadedDesigner Value="True"/>
      </Unit68>
      <Unit69>
        <Filename Value="Units\frame_tool_spritebank.pas"/>
        <IsPartOfProject Value="True"/>
        <ComponentName Value="FrameToolSpriteBank"/>
        <HasResources Value="True"/>
        <ResourceBaseClass Value="Frame"/>
        <IsVisibleTab Value="True"/>
        <EditorIndex Value="6"/>
        <TopLine Value="229"/>
        <CursorPos X="52" Y="249"/>
        <UsageCount Value="164"/>
        <Loaded Value="True"/>
        <LoadedDesigner Value="True"/>
      </Unit69>
      <Unit70>
        <Filename Value="C:\Users\JLS\AppData\Local\lazarus\onlinepackagemanager\packages\BGRABitmap\bgrabitmap\geometrytypes.inc"/>
        <EditorIndex Value="-1"/>
        <TopLine Value="1787"/>
        <CursorPos Y="1803"/>
        <UsageCount Value="9"/>
      </Unit70>
      <Unit71>
        <Filename Value="..\..\source\oglcBorderAndFill.inc"/>
        <EditorIndex Value="15"/>
        <WindowIndex Value="2"/>
        <TopLine Value="358"/>
        <CursorPos Y="375"/>
        <UsageCount Value="65"/>
        <Loaded Value="True"/>
      </Unit71>
      <Unit72>
        <Filename Value="..\..\source\oglcElectricalFX.inc"/>
        <EditorIndex Value="6"/>
        <WindowIndex Value="2"/>
        <TopLine Value="94"/>
        <UsageCount Value="65"/>
        <Loaded Value="True"/>
      </Unit72>
      <Unit73>
        <Filename Value="..\..\source\oglcGlow.inc"/>
        <EditorIndex Value="5"/>
        <WindowIndex Value="2"/>
        <TopLine Value="126"/>
        <CursorPos X="21" Y="131"/>
        <UsageCount Value="65"/>
        <Loaded Value="True"/>
      </Unit73>
      <Unit74>
        <Filename Value="..\..\source\oglcTileEngine.inc"/>
        <EditorIndex Value="4"/>
        <WindowIndex Value="2"/>
        <TopLine Value="136"/>
        <UsageCount Value="65"/>
        <Loaded Value="True"/>
      </Unit74>
      <Unit75>
        <Filename Value="..\..\source\oglcParticle.inc"/>
        <EditorIndex Value="3"/>
        <WindowIndex Value="2"/>
        <TopLine Value="202"/>
        <UsageCount Value="65"/>
        <Loaded Value="True"/>
      </Unit75>
      <Unit76>
        <Filename Value="..\..\source\oglcFreeText.inc"/>
        <EditorIndex Value="2"/>
        <WindowIndex Value="2"/>
        <TopLine Value="109"/>
        <UsageCount Value="65"/>
        <Loaded Value="True"/>
      </Unit76>
      <Unit77>
        <Filename Value="..\..\source\oglcUIScrollable.inc"/>
        <EditorIndex Value="-1"/>
        <WindowIndex Value="1"/>
        <TopLine Value="28"/>
        <UsageCount Value="9"/>
      </Unit77>
      <Unit78>
        <Filename Value="Units\u_collisionbody_list.pas"/>
        <IsPartOfProject Value="True"/>
        <EditorIndex Value="10"/>
        <TopLine Value="686"/>
        <CursorPos X="27" Y="707"/>
        <UsageCount Value="93"/>
        <Bookmarks Count="1">
          <Item0 Y="542" ID="1"/>
        </Bookmarks>
        <Loaded Value="True"/>
      </Unit78>
      <Unit79>
        <Filename Value="Units\u_ui_atlas.pas"/>
        <IsPartOfProject Value="True"/>
        <EditorIndex Value="13"/>
        <TopLine Value="55"/>
        <CursorPos X="55" Y="72"/>
        <UsageCount Value="82"/>
        <Loaded Value="True"/>
      </Unit79>
      <Unit80>
        <Filename Value="Units\u_datamodule.pas"/>
        <IsPartOfProject Value="True"/>
        <ComponentName Value="DataModule1"/>
        <HasResources Value="True"/>
        <ResourceBaseClass Value="DataModule"/>
        <EditorIndex Value="4"/>
        <TopLine Value="40"/>
        <CursorPos Y="58"/>
        <UsageCount Value="75"/>
        <Loaded Value="True"/>
        <LoadedDesigner Value="True"/>
      </Unit80>
      <Unit81>
        <Filename Value="..\..\source\oglcMultiRendererFactory.inc"/>
        <EditorIndex Value="23"/>
        <WindowIndex Value="2"/>
        <TopLine Value="967"/>
        <CursorPos Y="981"/>
        <UsageCount Value="17"/>
        <Loaded Value="True"/>
      </Unit81>
      <Unit82>
        <Filename Value="C:\lazarus\lcl\include\application.inc"/>
        <EditorIndex Value="-1"/>
        <WindowIndex Value="2"/>
        <TopLine Value="1274"/>
        <CursorPos Y="1287"/>
        <UsageCount Value="9"/>
      </Unit82>
    </Units>
    <JumpHistory Count="30" HistoryIndex="29">
      <Position1>
        <Filename Value="Units\u_collisionbody_list.pas"/>
        <Caret Line="25" Column="18" TopLine="16"/>
      </Position1>
      <Position2>
        <Filename Value="Units\u_collisionbody_list.pas"/>
        <Caret Line="135" Column="3" TopLine="133"/>
      </Position2>
      <Position3>
        <Filename Value="Units\u_collisionbody_list.pas"/>
        <Caret Line="25" Column="13" TopLine="12"/>
      </Position3>
      <Position4>
        <Filename Value="Units\u_collisionbody_list.pas"/>
        <Caret Line="566" Column="23" TopLine="544"/>
      </Position4>
      <Position5>
        <Filename Value="Units\u_collisionbody_list.pas"/>
        <Caret Line="55" Column="20" TopLine="51"/>
      </Position5>
      <Position6>
        <Filename Value="Units\u_collisionbody_list.pas"/>
        <Caret Line="262" Column="28" TopLine="253"/>
      </Position6>
      <Position7>
        <Filename Value="Units\u_collisionbody_list.pas"/>
        <Caret Line="55" Column="17" TopLine="46"/>
      </Position7>
      <Position8>
        <Filename Value="Units\u_collisionbody_list.pas"/>
        <Caret Line="267" Column="23" TopLine="253"/>
      </Position8>
      <Position9>
        <Filename Value="Units\u_collisionbody_list.pas"/>
        <Caret Line="79" Column="17" TopLine="64"/>
      </Position9>
      <Position10>
        <Filename Value="Units\u_collisionbody_list.pas"/>
        <Caret Line="545" Column="7" TopLine="530"/>
      </Position10>
      <Position11>
        <Filename Value="Units\u_collisionbody_list.pas"/>
        <Caret Line="55" Column="19" TopLine="51"/>
      </Position11>
      <Position12>
        <Filename Value="Units\u_collisionbody_list.pas"/>
        <Caret Line="260" Column="3" TopLine="253"/>
      </Position12>
      <Position13>
        <Filename Value="Units\u_collisionbody_list.pas"/>
        <Caret Line="79" Column="16" TopLine="64"/>
      </Position13>
      <Position14>
        <Filename Value="Units\u_collisionbody_list.pas"/>
        <Caret Line="515" Column="6" TopLine="500"/>
      </Position14>
      <Position15>
        <Filename Value="Units\u_collisionbody_list.pas"/>
        <Caret Line="78" Column="16" TopLine="61"/>
      </Position15>
      <Position16>
        <Filename Value="Units\u_collisionbody_list.pas"/>
        <Caret Line="588" Column="12" TopLine="567"/>
      </Position16>
      <Position17>
        <Filename Value="Units\u_collisionbody_list.pas"/>
        <Caret Line="43" Column="13" TopLine="29"/>
      </Position17>
      <Position18>
        <Filename Value="Units\u_collisionbody_list.pas"/>
        <Caret Line="213" Column="3" TopLine="207"/>
      </Position18>
      <Position19>
        <Filename Value="Units\u_collisionbody_list.pas"/>
        <Caret Line="542" TopLine="530"/>
      </Position19>
      <Position20>
        <Filename Value="Units\frame_tool_spritebuilder.pas"/>
        <Caret Line="644" Column="2" TopLine="633"/>
      </Position20>
      <Position21>
        <Filename Value="Units\u_collisionbody_list.pas"/>
        <Caret Line="587" Column="7" TopLine="572"/>
      </Position21>
      <Position22>
        <Filename Value="Units\frame_tool_spritebuilder.pas"/>
        <Caret Line="645" Column="21" TopLine="633"/>
      </Position22>
      <Position23>
        <Filename Value="Units\u_collisionbody_list.pas"/>
        <Caret Line="103" Column="13" TopLine="90"/>
      </Position23>
      <Position24>
        <Filename Value="Units\u_collisionbody_list.pas"/>
        <Caret Line="693" Column="16" TopLine="686"/>
      </Position24>
      <Position25>
        <Filename Value="Units\u_collisionbody_list.pas"/>
        <Caret Line="91" Column="13" TopLine="78"/>
      </Position25>
      <Position26>
        <Filename Value="Units\u_collisionbody_list.pas"/>
        <Caret Line="618" Column="3" TopLine="615"/>
      </Position26>
      <Position27>
        <Filename Value="Units\u_collisionbody_list.pas"/>
        <Caret Line="103" Column="20" TopLine="88"/>
      </Position27>
      <Position28>
        <Filename Value="Units\frame_tool_spritebank.pas"/>
        <Caret Line="265" Column="42" TopLine="253"/>
      </Position28>
      <Position29>
        <Filename Value="Units\frame_tool_spritebank.pas"/>
        <Caret Line="251" Column="50" TopLine="237"/>
      </Position29>
      <Position30>
        <Filename Value="Units\frame_tool_spritebank.pas"/>
        <Caret Line="60" Column="25" TopLine="134"/>
      </Position30>
    </JumpHistory>
  </ProjectOptions>
  <CompilerOptions>
    <Version Value="11"/>
    <PathDelim Value="\"/>
    <Target>
      <Filename Value="Binary\GameHelper"/>
    </Target>
    <SearchPaths>
      <IncludeFiles Value="$(ProjOutDir)"/>
      <OtherUnitFiles Value="..\..\..\UnitsCommon;Units;..\..;..\..\source"/>
      <UnitOutputDirectory Value="lib\$(TargetCPU)-$(TargetOS)"/>
    </SearchPaths>
    <Parsing>
      <SyntaxOptions>
        <IncludeAssertionCode Value="True"/>
      </SyntaxOptions>
    </Parsing>
    <CodeGeneration>
      <Checks>
        <IOChecks Value="True"/>
        <RangeChecks Value="True"/>
        <OverflowChecks Value="True"/>
        <StackChecks Value="True"/>
      </Checks>
      <VerifyObjMethodCallValidity Value="True"/>
      <Optimizations>
        <VariablesInRegisters Value="True"/>
      </Optimizations>
    </CodeGeneration>
    <Linking>
      <Debugging>
        <DebugInfoType Value="dsDwarf2"/>
        <UseHeaptrc Value="True"/>
        <TrashVariables Value="True"/>
        <UseExternalDbgSyms Value="True"/>
      </Debugging>
      <Options>
        <Win32>
          <GraphicApplication Value="True"/>
        </Win32>
      </Options>
    </Linking>
  </CompilerOptions>
  <Debugging>
    <Exceptions Count="3">
      <Item1>
        <Name Value="EAbort"/>
      </Item1>
      <Item2>
        <Name Value="ECodetoolError"/>
      </Item2>
      <Item3>
        <Name Value="EFOpenError"/>
      </Item3>
    </Exceptions>
  </Debugging>
</CONFIG>
