<?xml version="1.0" encoding="UTF-8"?>
<CONFIG>
  <ProjectOptions>
    <Version Value="12"/>
    <PathDelim Value="\"/>
    <General>
      <Title Value="GameHelper"/>
      <Scaled Value="True"/>
      <ResourceType Value="res"/>
      <ActiveWindowIndexAtStart Value="1"/>
    </General>
    <i18n>
      <EnableI18N LFM="False"/>
    </i18n>
    <VersionInfo>
      <UseVersionInfo Value="True"/>
      <MajorVersionNr Value="1"/>
      <BuildNr Value="122"/>
      <Language Value="040C"/>
    </VersionInfo>
    <BuildModes Active="Debug">
      <Item Name="Debug" Default="True"/>
      <Item Name="Release">
        <CompilerOptions>
          <Version Value="11"/>
          <PathDelim Value="\"/>
          <Target>
            <Filename Value="Binary\GameHelper"/>
          </Target>
          <SearchPaths>
            <IncludeFiles Value="$(ProjOutDir);Units"/>
            <OtherUnitFiles Value="Units;..\unit_common"/>
            <UnitOutputDirectory Value="lib\$(TargetCPU)-$(TargetOS)"/>
          </SearchPaths>
          <CodeGeneration>
            <SmartLinkUnit Value="True"/>
            <Optimizations>
              <OptimizationLevel Value="3"/>
              <VariablesInRegisters Value="True"/>
            </Optimizations>
          </CodeGeneration>
          <Linking>
            <Debugging>
              <GenerateDebugInfo Value="False"/>
              <DebugInfoType Value="dsDwarf3"/>
            </Debugging>
            <LinkSmart Value="True"/>
            <Options>
              <Win32>
                <GraphicApplication Value="True"/>
              </Win32>
            </Options>
          </Linking>
        </CompilerOptions>
      </Item>
    </BuildModes>
    <PublishOptions>
      <Version Value="2"/>
    </PublishOptions>
    <RunParams>
      <FormatVersion Value="2"/>
      <Modes>
        <Mode Name="default"/>
      </Modes>
    </RunParams>
    <RequiredPackages>
      <Item>
        <PackageName Value="IDEIntf"/>
      </Item>
      <Item>
        <PackageName Value="OGLCScenePackage"/>
      </Item>
      <Item>
        <PackageName Value="LazOpenGLContext"/>
      </Item>
      <Item>
        <PackageName Value="BGRABitmapPack"/>
        <MinVersion Major="9" Valid="True"/>
      </Item>
      <Item>
        <PackageName Value="LazUtils"/>
      </Item>
      <Item>
        <PackageName Value="LCL"/>
      </Item>
    </RequiredPackages>
    <Units>
      <Unit>
        <Filename Value="GameHelper.lpr"/>
        <IsPartOfProject Value="True"/>
        <WindowIndex Value="1"/>
        <TopLine Value="8"/>
        <CursorPos Y="26"/>
        <UsageCount Value="200"/>
        <Loaded Value="True"/>
      </Unit>
      <Unit>
        <Filename Value="Units\form_main.pas"/>
        <IsPartOfProject Value="True"/>
        <ComponentName Value="FormMain"/>
        <HasResources Value="True"/>
        <ResourceBaseClass Value="Form"/>
        <IsVisibleTab Value="True"/>
        <EditorIndex Value="8"/>
        <TopLine Value="98"/>
        <CursorPos X="10" Y="116"/>
        <UsageCount Value="200"/>
        <Loaded Value="True"/>
        <LoadedDesigner Value="True"/>
      </Unit>
      <Unit>
        <Filename Value="Units\u_screen_spritebuilder.pas"/>
        <IsPartOfProject Value="True"/>
        <EditorIndex Value="3"/>
        <TopLine Value="221"/>
        <CursorPos X="51" Y="241"/>
        <UsageCount Value="202"/>
        <Loaded Value="True"/>
      </Unit>
      <Unit>
        <Filename Value="Units\u_common.pas"/>
        <IsPartOfProject Value="True"/>
        <TopLine Value="10"/>
        <CursorPos X="66" Y="18"/>
        <UsageCount Value="201"/>
        <Loaded Value="True"/>
      </Unit>
      <Unit>
        <Filename Value="Units\u_project.pas"/>
        <IsPartOfProject Value="True"/>
        <IsVisibleTab Value="True"/>
        <EditorIndex Value="1"/>
        <WindowIndex Value="1"/>
        <TopLine Value="326"/>
        <CursorPos X="17" Y="340"/>
        <UsageCount Value="201"/>
        <Loaded Value="True"/>
      </Unit>
      <Unit>
        <Filename Value="Units\u_texture_list.pas"/>
        <IsPartOfProject Value="True"/>
        <EditorIndex Value="28"/>
        <TopLine Value="55"/>
        <CursorPos X="43" Y="65"/>
        <UsageCount Value="200"/>
        <Loaded Value="True"/>
      </Unit>
      <Unit>
        <Filename Value="C:\lazarus\fpc\3.2.2\source\packages\fcl-stl\src\gvector.pp"/>
        <EditorIndex Value="-1"/>
        <TopLine Value="54"/>
        <CursorPos X="15" Y="66"/>
        <UsageCount Value="86"/>
      </Unit>
      <Unit>
        <Filename Value="Units\u_app_pref.pas"/>
        <IsPartOfProject Value="True"/>
        <EditorIndex Value="15"/>
        <WindowIndex Value="1"/>
        <TopLine Value="36"/>
        <CursorPos Y="61"/>
        <UsageCount Value="200"/>
        <Loaded Value="True"/>
      </Unit>
      <Unit>
        <Filename Value="..\..\source\OGLCScene.pas"/>
        <WindowIndex Value="2"/>
        <TopLine Value="199"/>
        <CursorPos X="12" Y="211"/>
        <UsageCount Value="103"/>
        <Loaded Value="True"/>
      </Unit>
      <Unit>
        <Filename Value="Units\u_surface_list.pas"/>
        <IsPartOfProject Value="True"/>
        <EditorIndex Value="24"/>
        <TopLine Value="250"/>
        <CursorPos Y="263"/>
        <UsageCount Value="207"/>
        <Loaded Value="True"/>
      </Unit>
      <Unit>
        <Filename Value="..\..\source\oglcFXScrolledSprite.inc"/>
        <EditorIndex Value="27"/>
        <WindowIndex Value="2"/>
        <TopLine Value="94"/>
        <CursorPos X="35" Y="107"/>
        <UsageCount Value="103"/>
        <Loaded Value="True"/>
      </Unit>
      <Unit>
        <Filename Value="..\..\source\oglcTexture.inc"/>
        <EditorIndex Value="25"/>
        <WindowIndex Value="2"/>
        <TopLine Value="487"/>
        <CursorPos Y="498"/>
        <UsageCount Value="102"/>
        <Loaded Value="True"/>
      </Unit>
      <Unit>
        <Filename Value="..\..\source\oglcTextureAtlas.inc"/>
        <EditorIndex Value="24"/>
        <WindowIndex Value="2"/>
        <TopLine Value="426"/>
        <CursorPos Y="432"/>
        <UsageCount Value="100"/>
        <Loaded Value="True"/>
      </Unit>
      <Unit>
        <Filename Value="..\..\source\oglcSurface.inc"/>
        <EditorIndex Value="23"/>
        <WindowIndex Value="2"/>
        <TopLine Value="568"/>
        <CursorPos Y="582"/>
        <ExtraEditorCount Value="1"/>
        <ExtraEditor1>
          <EditorIndex Value="-1"/>
          <WindowIndex Value="2"/>
          <TopLine Value="-1"/>
          <CursorPos X="-1" Y="-1"/>
        </ExtraEditor1>
        <UsageCount Value="100"/>
        <Loaded Value="True"/>
      </Unit>
      <Unit>
        <Filename Value="..\..\source\oglcCollisionBody.inc"/>
        <EditorIndex Value="22"/>
        <WindowIndex Value="2"/>
        <TopLine Value="162"/>
        <CursorPos Y="180"/>
        <UsageCount Value="100"/>
        <Loaded Value="True"/>
      </Unit>
      <Unit>
        <Filename Value="..\..\source\oglcUtils.inc"/>
        <EditorIndex Value="16"/>
        <WindowIndex Value="2"/>
        <TopLine Value="8"/>
        <CursorPos X="10" Y="21"/>
        <UsageCount Value="101"/>
        <Loaded Value="True"/>
      </Unit>
      <Unit>
        <Filename Value="..\..\source\oglcMath.inc"/>
        <EditorIndex Value="14"/>
        <WindowIndex Value="2"/>
        <TopLine Value="30"/>
        <CursorPos X="12" Y="43"/>
        <UsageCount Value="101"/>
        <Loaded Value="True"/>
      </Unit>
      <Unit>
        <Filename Value="Units\u_utils.pas"/>
        <IsPartOfProject Value="True"/>
        <EditorIndex Value="20"/>
        <WindowIndex Value="1"/>
        <TopLine Value="57"/>
        <CursorPos Y="73"/>
        <UsageCount Value="200"/>
        <Loaded Value="True"/>
      </Unit>
      <Unit>
        <Filename Value="Units\u_screen_template.pas"/>
        <IsPartOfProject Value="True"/>
        <EditorIndex Value="1"/>
        <TopLine Value="75"/>
        <CursorPos Y="87"/>
        <UsageCount Value="202"/>
        <Loaded Value="True"/>
      </Unit>
      <Unit>
        <Filename Value="..\..\source\oglcSpriteTemplate.inc"/>
        <EditorIndex Value="20"/>
        <WindowIndex Value="2"/>
        <TopLine Value="109"/>
        <CursorPos X="23" Y="119"/>
        <UsageCount Value="102"/>
        <Loaded Value="True"/>
      </Unit>
      <Unit>
        <Filename Value="..\..\source\oglcAppSaveUtils.inc"/>
        <EditorIndex Value="7"/>
        <WindowIndex Value="2"/>
        <TopLine Value="279"/>
        <CursorPos X="18" Y="289"/>
        <UsageCount Value="100"/>
        <Loaded Value="True"/>
      </Unit>
      <Unit>
        <Filename Value="..\..\source\oglcLogFile.inc"/>
        <EditorIndex Value="19"/>
        <WindowIndex Value="2"/>
        <TopLine Value="90"/>
        <CursorPos X="3" Y="111"/>
        <UsageCount Value="100"/>
        <Loaded Value="True"/>
      </Unit>
      <Unit>
        <Filename Value="..\..\source\oglcCamera.inc"/>
        <EditorIndex Value="28"/>
        <WindowIndex Value="2"/>
        <TopLine Value="93"/>
        <CursorPos X="2" Y="108"/>
        <UsageCount Value="100"/>
        <Loaded Value="True"/>
      </Unit>
      <Unit>
        <Filename Value="..\..\source\oglcPath.inc"/>
        <EditorIndex Value="21"/>
        <WindowIndex Value="2"/>
        <TopLine Value="25"/>
        <CursorPos X="12" Y="38"/>
        <UsageCount Value="100"/>
        <Loaded Value="True"/>
      </Unit>
      <Unit>
        <Filename Value="..\..\source\oglcUI.inc"/>
        <EditorIndex Value="18"/>
        <WindowIndex Value="2"/>
        <TopLine Value="2077"/>
        <CursorPos Y="2095"/>
        <UsageCount Value="100"/>
        <Loaded Value="True"/>
      </Unit>
      <Unit>
        <Filename Value="..\..\source\oglcVelocityCurve.inc"/>
        <EditorIndex Value="17"/>
        <WindowIndex Value="2"/>
        <TopLine Value="1036"/>
        <CursorPos Y="1049"/>
        <UsageCount Value="100"/>
        <Loaded Value="True"/>
      </Unit>
      <Unit>
        <Filename Value="Units\u_spritebank.pas"/>
        <IsPartOfProject Value="True"/>
        <EditorIndex Value="23"/>
        <TopLine Value="351"/>
        <CursorPos X="38" Y="362"/>
        <UsageCount Value="200"/>
        <Loaded Value="True"/>
      </Unit>
      <Unit>
        <Filename Value="..\..\source\oglcLayer.inc"/>
        <EditorIndex Value="13"/>
        <WindowIndex Value="2"/>
        <TopLine Value="588"/>
        <CursorPos Y="598"/>
        <UsageCount Value="102"/>
        <Loaded Value="True"/>
      </Unit>
      <Unit>
        <Filename Value="Units\u_ui_handle.pas"/>
        <IsPartOfProject Value="True"/>
        <EditorIndex Value="33"/>
        <TopLine Value="111"/>
        <CursorPos Y="124"/>
        <UsageCount Value="201"/>
        <Loaded Value="True"/>
      </Unit>
      <Unit>
        <Filename Value="..\..\source\oglcType.inc"/>
        <IsVisibleTab Value="True"/>
        <EditorIndex Value="15"/>
        <WindowIndex Value="2"/>
        <TopLine Value="214"/>
        <CursorPos Y="227"/>
        <UsageCount Value="100"/>
        <Loaded Value="True"/>
      </Unit>
      <Unit>
        <Filename Value="Units\u_screen_spritebank.pas"/>
        <IsPartOfProject Value="True"/>
        <EditorIndex Value="32"/>
        <TopLine Value="66"/>
        <CursorPos X="33" Y="71"/>
        <UsageCount Value="201"/>
        <Loaded Value="True"/>
      </Unit>
      <Unit>
        <Filename Value="Units\frame_tool_spritebuilder.pas"/>
        <IsPartOfProject Value="True"/>
        <ComponentName Value="FrameToolsSpriteBuilder"/>
        <HasResources Value="True"/>
        <ResourceBaseClass Value="Frame"/>
        <EditorIndex Value="20"/>
        <TopLine Value="346"/>
        <CursorPos X="50" Y="365"/>
        <UsageCount Value="201"/>
        <Loaded Value="True"/>
        <LoadedDesigner Value="True"/>
      </Unit>
      <Unit>
        <Filename Value="Units\frame_tool_spritebank.pas"/>
        <IsPartOfProject Value="True"/>
        <ComponentName Value="FrameToolSpriteBank"/>
        <HasResources Value="True"/>
        <ResourceBaseClass Value="Frame"/>
        <EditorIndex Value="21"/>
        <TopLine Value="367"/>
        <CursorPos X="24" Y="373"/>
        <UsageCount Value="200"/>
        <Loaded Value="True"/>
        <LoadedDesigner Value="True"/>
      </Unit>
      <Unit>
        <Filename Value="..\..\source\oglcBorderAndFill.inc"/>
        <EditorIndex Value="5"/>
        <WindowIndex Value="2"/>
        <TopLine Value="90"/>
        <CursorPos X="3" Y="103"/>
        <UsageCount Value="100"/>
        <Loaded Value="True"/>
      </Unit>
      <Unit>
        <Filename Value="..\..\source\oglcElectricalFX.inc"/>
        <EditorIndex Value="12"/>
        <WindowIndex Value="2"/>
        <TopLine Value="70"/>
        <CursorPos Y="78"/>
        <UsageCount Value="100"/>
        <Loaded Value="True"/>
      </Unit>
      <Unit>
        <Filename Value="..\..\source\oglcGlow.inc"/>
        <EditorIndex Value="11"/>
        <WindowIndex Value="2"/>
        <TopLine Value="145"/>
        <CursorPos X="7" Y="159"/>
        <UsageCount Value="100"/>
        <Loaded Value="True"/>
      </Unit>
      <Unit>
        <Filename Value="..\..\source\oglcTileEngine.inc"/>
        <EditorIndex Value="10"/>
        <WindowIndex Value="2"/>
        <TopLine Value="661"/>
        <CursorPos X="13" Y="671"/>
        <UsageCount Value="100"/>
        <Loaded Value="True"/>
      </Unit>
      <Unit>
        <Filename Value="..\..\source\oglcParticle.inc"/>
        <EditorIndex Value="9"/>
        <WindowIndex Value="2"/>
        <TopLine Value="290"/>
        <CursorPos X="23" Y="303"/>
        <UsageCount Value="100"/>
        <Loaded Value="True"/>
      </Unit>
      <Unit>
        <Filename Value="..\..\source\oglcFreeText.inc"/>
        <EditorIndex Value="8"/>
        <WindowIndex Value="2"/>
        <TopLine Value="115"/>
        <CursorPos X="60" Y="95"/>
        <UsageCount Value="100"/>
        <Loaded Value="True"/>
      </Unit>
      <Unit>
        <Filename Value="Units\u_collisionbody_list.pas"/>
        <IsPartOfProject Value="True"/>
        <EditorIndex Value="30"/>
        <TopLine Value="243"/>
        <CursorPos X="48" Y="261"/>
        <UsageCount Value="206"/>
        <Loaded Value="True"/>
      </Unit>
      <Unit>
        <Filename Value="Units\u_ui_atlas.pas"/>
        <EditorIndex Value="-1"/>
        <TopLine Value="61"/>
        <CursorPos Y="72"/>
        <UsageCount Value="120"/>
      </Unit>
      <Unit>
        <Filename Value="Units\u_datamodule.pas"/>
        <IsPartOfProject Value="True"/>
        <ComponentName Value="DataModule1"/>
        <HasResources Value="True"/>
        <ResourceBaseClass Value="DataModule"/>
        <EditorIndex Value="16"/>
        <WindowIndex Value="1"/>
        <TopLine Value="163"/>
        <CursorPos X="52" Y="188"/>
        <UsageCount Value="207"/>
        <Loaded Value="True"/>
        <LoadedDesigner Value="True"/>
      </Unit>
      <Unit>
        <Filename Value="..\..\source\oglcMultiRendererFactory.inc"/>
        <EditorIndex Value="29"/>
        <WindowIndex Value="2"/>
        <TopLine Value="561"/>
        <CursorPos Y="566"/>
        <UsageCount Value="100"/>
        <Loaded Value="True"/>
      </Unit>
      <Unit>
        <Filename Value="..\unit_common\u_undo_redo.pas"/>
        <IsPartOfProject Value="True"/>
        <EditorIndex Value="22"/>
        <UsageCount Value="202"/>
        <Loaded Value="True"/>
      </Unit>
      <Unit>
        <Filename Value="Units\u_undoredo_spritebuilder.pas"/>
        <IsPartOfProject Value="True"/>
        <EditorIndex Value="18"/>
        <TopLine Value="5"/>
        <CursorPos X="74" Y="18"/>
        <UsageCount Value="200"/>
        <Loaded Value="True"/>
      </Unit>
      <Unit>
        <Filename Value="Units\u_posture_list.pas"/>
        <IsPartOfProject Value="True"/>
        <EditorIndex Value="25"/>
        <TopLine Value="236"/>
        <CursorPos X="3" Y="242"/>
        <UsageCount Value="201"/>
        <Loaded Value="True"/>
      </Unit>
      <Unit>
        <Filename Value="Units\u_collisionbody_undoredo.inc"/>
        <IsPartOfProject Value="True"/>
        <EditorIndex Value="30"/>
        <WindowIndex Value="2"/>
        <TopLine Value="38"/>
        <CursorPos X="38" Y="45"/>
        <UsageCount Value="200"/>
        <Loaded Value="True"/>
      </Unit>
      <Unit>
        <Filename Value="Units\u_texture_undoredo.inc"/>
        <IsPartOfProject Value="True"/>
        <EditorIndex Value="29"/>
        <TopLine Value="75"/>
        <CursorPos X="58" Y="88"/>
        <UsageCount Value="202"/>
        <Loaded Value="True"/>
      </Unit>
      <Unit>
        <Filename Value="Units\u_posture_undoredo.inc"/>
        <EditorIndex Value="27"/>
        <TopLine Value="45"/>
        <CursorPos X="3" Y="37"/>
        <UsageCount Value="101"/>
        <Loaded Value="True"/>
      </Unit>
      <Unit>
        <Filename Value="Units\u_surface_undoredo.inc"/>
        <IsPartOfProject Value="True"/>
        <EditorIndex Value="26"/>
        <CursorPos X="32" Y="3"/>
        <UsageCount Value="200"/>
        <Loaded Value="True"/>
      </Unit>
      <Unit>
        <Filename Value="C:\lazarus\fpc\3.2.2\source\rtl\objpas\fgl.pp"/>
        <EditorIndex Value="-1"/>
        <TopLine Value="184"/>
        <CursorPos X="25" Y="201"/>
        <UsageCount Value="31"/>
      </Unit>
      <Unit>
        <Filename Value="Units\frame_tool_leveleditor.pas"/>
        <IsPartOfProject Value="True"/>
        <ComponentName Value="FrameToolLevelEditor"/>
        <HasResources Value="True"/>
        <ResourceBaseClass Value="Frame"/>
        <EditorIndex Value="11"/>
        <TopLine Value="984"/>
        <CursorPos Y="996"/>
        <UsageCount Value="207"/>
        <Bookmarks Count="1">
          <Item0 Y="382"/>
        </Bookmarks>
        <Loaded Value="True"/>
        <LoadedDesigner Value="True"/>
      </Unit>
      <Unit>
        <Filename Value="Units\u_screen_levelbank.pas"/>
        <IsPartOfProject Value="True"/>
        <EditorIndex Value="31"/>
        <TopLine Value="46"/>
        <CursorPos Y="79"/>
        <UsageCount Value="206"/>
        <Loaded Value="True"/>
      </Unit>
      <Unit>
        <Filename Value="Units\u_levelbank.pas"/>
        <IsPartOfProject Value="True"/>
        <EditorIndex Value="17"/>
        <TopLine Value="37"/>
        <CursorPos X="13" Y="50"/>
        <UsageCount Value="206"/>
        <Loaded Value="True"/>
      </Unit>
      <Unit>
        <Filename Value="Units\u_surface_extradata.pas"/>
        <EditorIndex Value="-1"/>
        <TopLine Value="13"/>
        <CursorPos X="15" Y="57"/>
        <UsageCount Value="128"/>
      </Unit>
      <Unit>
        <Filename Value="Units\frame_texturelist.pas"/>
        <IsPartOfProject Value="True"/>
        <ComponentName Value="FrameTextureList"/>
        <HasResources Value="True"/>
        <ResourceBaseClass Value="Frame"/>
        <EditorIndex Value="19"/>
        <WindowIndex Value="1"/>
        <TopLine Value="90"/>
        <CursorPos X="26" Y="105"/>
        <UsageCount Value="202"/>
        <Loaded Value="True"/>
        <LoadedDesigner Value="True"/>
      </Unit>
      <Unit>
        <Filename Value="Units\u_screen_leveleditor.pas"/>
        <IsPartOfProject Value="True"/>
        <EditorIndex Value="2"/>
        <TopLine Value="683"/>
        <CursorPos X="32" Y="689"/>
        <UsageCount Value="200"/>
        <Bookmarks Count="1">
          <Item0 X="32" Y="689" ID="1"/>
        </Bookmarks>
        <Loaded Value="True"/>
      </Unit>
      <Unit>
        <Filename Value="Units\frame_tool_levelbank.pas"/>
        <IsPartOfProject Value="True"/>
        <ComponentName Value="FrameToolLevelBank"/>
        <HasResources Value="True"/>
        <ResourceBaseClass Value="Frame"/>
        <EditorIndex Value="15"/>
        <TopLine Value="54"/>
        <CursorPos X="71" Y="69"/>
        <UsageCount Value="201"/>
        <Loaded Value="True"/>
        <LoadedDesigner Value="True"/>
      </Unit>
      <Unit>
        <Filename Value="Units\u_layerlist.pas"/>
        <IsPartOfProject Value="True"/>
        <EditorIndex Value="6"/>
        <WindowIndex Value="1"/>
        <TopLine Value="230"/>
        <CursorPos X="16" Y="243"/>
        <UsageCount Value="201"/>
        <Loaded Value="True"/>
      </Unit>
      <Unit>
        <Filename Value="Units\frame_viewlayerlist.pas"/>
        <IsPartOfProject Value="True"/>
        <ComponentName Value="FrameViewLayerList"/>
        <HasResources Value="True"/>
        <ResourceBaseClass Value="Frame"/>
        <EditorIndex Value="7"/>
        <WindowIndex Value="1"/>
        <TopLine Value="494"/>
        <CursorPos X="27" Y="513"/>
        <UsageCount Value="203"/>
        <Loaded Value="True"/>
        <LoadedDesigner Value="True"/>
      </Unit>
      <Unit>
        <Filename Value="..\..\source\oglcDecorManager.inc"/>
        <EditorIndex Value="6"/>
        <WindowIndex Value="2"/>
        <TopLine Value="63"/>
        <CursorPos X="13" Y="72"/>
        <UsageCount Value="101"/>
        <Loaded Value="True"/>
      </Unit>
      <Unit>
        <Filename Value="Units\form_projectconfig.pas"/>
        <IsPartOfProject Value="True"/>
        <ComponentName Value="FormProjectConfig"/>
        <HasResources Value="True"/>
        <ResourceBaseClass Value="Form"/>
        <EditorIndex Value="9"/>
        <TopLine Value="114"/>
        <CursorPos X="32" Y="127"/>
        <UsageCount Value="200"/>
        <Loaded Value="True"/>
        <LoadedDesigner Value="True"/>
      </Unit>
      <Unit>
        <Filename Value="..\unit_common\project_util.pas"/>
        <EditorIndex Value="5"/>
        <WindowIndex Value="1"/>
        <TopLine Value="125"/>
        <CursorPos X="18" Y="134"/>
        <UsageCount Value="100"/>
        <Loaded Value="True"/>
      </Unit>
      <Unit>
        <Filename Value="..\unit_common\lcl_utils.pas"/>
        <UnitName Value="LCL_utils"/>
        <EditorIndex Value="17"/>
        <WindowIndex Value="1"/>
        <TopLine Value="19"/>
        <CursorPos X="13" Y="28"/>
        <UsageCount Value="100"/>
        <Loaded Value="True"/>
      </Unit>
      <Unit>
        <Filename Value="Units\form_showhelp.pas"/>
        <IsPartOfProject Value="True"/>
        <ComponentName Value="FormShowHelp"/>
        <HasResources Value="True"/>
        <ResourceBaseClass Value="Form"/>
        <EditorIndex Value="18"/>
        <WindowIndex Value="1"/>
        <CursorPos X="20" Y="12"/>
        <UsageCount Value="201"/>
        <Loaded Value="True"/>
        <LoadedDesigner Value="True"/>
      </Unit>
      <Unit>
        <Filename Value="..\..\source\oglcTexturedFont.inc"/>
        <EditorIndex Value="26"/>
        <WindowIndex Value="2"/>
        <TopLine Value="150"/>
        <CursorPos Y="163"/>
        <UsageCount Value="101"/>
        <Loaded Value="True"/>
      </Unit>
      <Unit>
        <Filename Value="..\..\source\oglcDeformationGrid.inc"/>
        <EditorIndex Value="4"/>
        <WindowIndex Value="2"/>
        <TopLine Value="7"/>
        <CursorPos X="13" Y="42"/>
        <UsageCount Value="100"/>
        <Loaded Value="True"/>
      </Unit>
      <Unit>
        <Filename Value="C:\Users\JLS\AppData\Local\lazarus\onlinepackagemanager\packages\BGRABitmap\bgrabitmap\geometrytypes.inc"/>
        <EditorIndex Value="-1"/>
        <WindowIndex Value="2"/>
        <TopLine Value="1787"/>
        <CursorPos Y="1803"/>
        <UsageCount Value="86"/>
      </Unit>
      <Unit>
        <Filename Value="..\..\source\oglcEnvironment.inc"/>
        <EditorIndex Value="3"/>
        <WindowIndex Value="2"/>
        <TopLine Value="94"/>
        <CursorPos X="8" Y="69"/>
        <UsageCount Value="100"/>
        <Loaded Value="True"/>
      </Unit>
      <Unit>
        <Filename Value="Units\form_editdeformationgrid.pas"/>
        <IsPartOfProject Value="True"/>
        <ComponentName Value="FormEditDeformationGrid"/>
        <HasResources Value="True"/>
        <ResourceBaseClass Value="Form"/>
        <EditorIndex Value="7"/>
        <TopLine Value="33"/>
        <CursorPos X="15" Y="54"/>
        <UsageCount Value="202"/>
        <Loaded Value="True"/>
        <LoadedDesigner Value="True"/>
      </Unit>
      <Unit>
        <Filename Value="Units\form_editgradient.pas"/>
        <IsPartOfProject Value="True"/>
        <ComponentName Value="FormEditGradient"/>
        <HasResources Value="True"/>
        <ResourceBaseClass Value="Form"/>
        <EditorIndex Value="5"/>
        <TopLine Value="212"/>
        <CursorPos Y="226"/>
        <UsageCount Value="206"/>
        <Loaded Value="True"/>
        <LoadedDesigner Value="True"/>
      </Unit>
      <Unit>
        <Filename Value="Units\frame_gradientrow.pas"/>
        <IsPartOfProject Value="True"/>
        <ComponentName Value="FrameGradientRow"/>
        <HasResources Value="True"/>
        <ResourceBaseClass Value="Frame"/>
        <EditorIndex Value="6"/>
        <TopLine Value="334"/>
        <CursorPos X="52" Y="347"/>
        <UsageCount Value="200"/>
        <Loaded Value="True"/>
        <LoadedDesigner Value="True"/>
      </Unit>
      <Unit>
        <Filename Value="..\unit_common\u_presetmanager.pas"/>
        <IsPartOfProject Value="True"/>
        <ComponentName Value="PresetManager"/>
        <HasResources Value="True"/>
        <ResourceBaseClass Value="Form"/>
        <EditorIndex Value="4"/>
        <TopLine Value="44"/>
        <CursorPos X="7" Y="58"/>
        <UsageCount Value="200"/>
        <Loaded Value="True"/>
        <LoadedDesigner Value="True"/>
      </Unit>
      <Unit>
        <Filename Value="Units\u_screen_list.pas"/>
        <IsPartOfProject Value="True"/>
        <EditorIndex Value="19"/>
        <CursorPos X="3" Y="12"/>
        <UsageCount Value="200"/>
        <Loaded Value="True"/>
      </Unit>
      <Unit>
        <Filename Value="Units\form_newproject.pas"/>
        <IsPartOfProject Value="True"/>
        <ComponentName Value="FormNewProject"/>
        <HasResources Value="True"/>
        <ResourceBaseClass Value="Form"/>
        <EditorIndex Value="10"/>
        <TopLine Value="28"/>
        <CursorPos X="70" Y="60"/>
        <UsageCount Value="205"/>
        <Loaded Value="True"/>
        <LoadedDesigner Value="True"/>
      </Unit>
      <Unit>
        <Filename Value="..\unit_common\utilitaire_fichier.pas"/>
        <EditorIndex Value="-1"/>
        <WindowIndex Value="1"/>
        <TopLine Value="143"/>
        <CursorPos X="27" Y="157"/>
        <UsageCount Value="98"/>
      </Unit>
      <Unit>
        <Filename Value="Units\u_target_lazarusproject.pas"/>
        <IsPartOfProject Value="True"/>
        <EditorIndex Value="3"/>
        <WindowIndex Value="1"/>
        <TopLine Value="452"/>
        <CursorPos Y="466"/>
        <UsageCount Value="200"/>
        <Loaded Value="True"/>
      </Unit>
      <Unit>
        <Filename Value="Units\frame_viewlevelbank.pas"/>
        <IsPartOfProject Value="True"/>
        <ComponentName Value="FrameViewLevelBank"/>
        <HasResources Value="True"/>
        <ResourceBaseClass Value="Frame"/>
        <EditorIndex Value="9"/>
        <WindowIndex Value="1"/>
        <TopLine Value="404"/>
        <CursorPos X="38" Y="418"/>
        <UsageCount Value="200"/>
        <Loaded Value="True"/>
        <LoadedDesigner Value="True"/>
      </Unit>
      <Unit>
        <Filename Value="Units\frame_tool_screenbank.pas"/>
        <IsPartOfProject Value="True"/>
        <ComponentName Value="FrameToolScreenBank"/>
        <HasResources Value="True"/>
        <ResourceBaseClass Value="Frame"/>
        <EditorIndex Value="16"/>
        <TopLine Value="3"/>
        <CursorPos X="66" Y="8"/>
        <UsageCount Value="202"/>
        <Loaded Value="True"/>
        <LoadedDesigner Value="True"/>
      </Unit>
      <Unit>
        <Filename Value="..\..\source\glcorearb.pas"/>
        <EditorIndex Value="2"/>
        <WindowIndex Value="2"/>
        <TopLine Value="2294"/>
        <CursorPos X="9" Y="2310"/>
        <UsageCount Value="100"/>
        <Loaded Value="True"/>
      </Unit>
      <Unit>
        <Filename Value="Units\u_resourcestring.pas"/>
        <IsPartOfProject Value="True"/>
        <EditorIndex Value="13"/>
        <WindowIndex Value="1"/>
        <TopLine Value="7"/>
        <CursorPos X="20" Y="25"/>
        <UsageCount Value="200"/>
        <Loaded Value="True"/>
      </Unit>
      <Unit>
        <Filename Value="Units\u_package_register.pas"/>
        <EditorIndex Value="-1"/>
        <WindowIndex Value="1"/>
        <TopLine Value="20"/>
        <CursorPos Y="37"/>
        <UsageCount Value="8"/>
      </Unit>
      <Unit>
        <Filename Value="C:\lazarus\components\lazutils\lazfileutils.pas"/>
        <UnitName Value="LazFileUtils"/>
        <EditorIndex Value="-1"/>
        <WindowIndex Value="1"/>
        <TopLine Value="23"/>
        <CursorPos Y="28"/>
        <UsageCount Value="44"/>
      </Unit>
      <Unit>
        <Filename Value="Units\u_connection_to_ide.pas"/>
        <IsPartOfProject Value="True"/>
        <EditorIndex Value="4"/>
        <WindowIndex Value="1"/>
        <TopLine Value="28"/>
        <CursorPos Y="43"/>
        <UsageCount Value="200"/>
        <Loaded Value="True"/>
      </Unit>
      <Unit>
        <Filename Value="Units\u_respons_commontype.pas"/>
        <EditorIndex Value="-1"/>
        <WindowIndex Value="1"/>
        <CursorPos Y="16"/>
        <UsageCount Value="27"/>
      </Unit>
      <Unit>
        <Filename Value="C:\lazarus\fpc\3.2.2\source\rtl\objpas\sysutils\sysutilh.inc"/>
        <EditorIndex Value="-1"/>
        <WindowIndex Value="1"/>
        <TopLine Value="269"/>
        <CursorPos X="31" Y="280"/>
        <UsageCount Value="3"/>
      </Unit>
      <Unit>
        <Filename Value="C:\lazarus\fpc\3.2.2\source\rtl\win\syswinh.inc"/>
        <EditorIndex Value="-1"/>
        <WindowIndex Value="1"/>
        <TopLine Value="4"/>
        <CursorPos X="29" Y="22"/>
        <UsageCount Value="3"/>
      </Unit>
      <Unit>
        <Filename Value="Units\form_enter_description.pas"/>
        <IsPartOfProject Value="True"/>
        <ComponentName Value="FormEnterDescription"/>
        <HasResources Value="True"/>
        <ResourceBaseClass Value="Form"/>
        <EditorIndex Value="12"/>
        <WindowIndex Value="1"/>
        <TopLine Value="33"/>
        <CursorPos X="5" Y="57"/>
        <UsageCount Value="137"/>
        <Loaded Value="True"/>
        <LoadedDesigner Value="True"/>
      </Unit>
      <Unit>
        <Filename Value="C:\lazarus\fpc\3.2.2\source\rtl\objpas\sysutils\finah.inc"/>
        <EditorIndex Value="-1"/>
        <WindowIndex Value="1"/>
        <TopLine Value="9"/>
        <CursorPos X="23" Y="31"/>
        <UsageCount Value="49"/>
      </Unit>
      <Unit>
        <Filename Value="C:\lazarus\lcl\dialogs.pp"/>
        <UnitName Value="Dialogs"/>
        <EditorIndex Value="2"/>
        <WindowIndex Value="1"/>
        <TopLine Value="27"/>
        <CursorPos X="15" Y="42"/>
        <UsageCount Value="42"/>
        <Loaded Value="True"/>
      </Unit>
      <Unit>
        <Filename Value="C:\lazarus\lcl\include\customlistbox.inc"/>
        <EditorIndex Value="-1"/>
        <WindowIndex Value="2"/>
        <TopLine Value="510"/>
        <CursorPos Y="523"/>
        <UsageCount Value="3"/>
      </Unit>
      <Unit>
        <Filename Value="..\unit_common\lclhelper.pas"/>
        <UnitName Value="LCLHelper"/>
        <EditorIndex Value="8"/>
        <WindowIndex Value="1"/>
        <TopLine Value="16"/>
        <UsageCount Value="41"/>
        <Loaded Value="True"/>
      </Unit>
      <Unit>
        <Filename Value="..\..\source\oglcUITheme.inc"/>
        <EditorIndex Value="1"/>
        <WindowIndex Value="2"/>
        <TopLine Value="40"/>
        <CursorPos X="5" Y="62"/>
        <UsageCount Value="14"/>
        <Loaded Value="True"/>
      </Unit>
      <Unit>
        <Filename Value="Units\frame_edit_uibodyshape.pas"/>
        <IsPartOfProject Value="True"/>
        <ComponentName Value="FrameEditUIBodyShape"/>
        <HasResources Value="True"/>
        <ResourceBaseClass Value="Frame"/>
        <EditorIndex Value="10"/>
        <WindowIndex Value="1"/>
        <CursorPos X="30" Y="14"/>
        <UsageCount Value="26"/>
        <Loaded Value="True"/>
        <LoadedDesigner Value="True"/>
      </Unit>
      <Unit>
        <Filename Value="Units\frame_tool_uipaneleditor.pas"/>
        <IsPartOfProject Value="True"/>
        <ComponentName Value="FrameToolUIPanelEditor"/>
        <HasResources Value="True"/>
        <ResourceBaseClass Value="Frame"/>
        <EditorIndex Value="12"/>
        <TopLine Value="2"/>
        <CursorPos X="3" Y="11"/>
        <UsageCount Value="23"/>
        <Loaded Value="True"/>
        <LoadedDesigner Value="True"/>
      </Unit>
      <Unit>
        <Filename Value="Units\frame_viewfontbank.pas"/>
        <IsPartOfProject Value="True"/>
        <ComponentName Value="FrameViewFontBank"/>
        <HasResources Value="True"/>
        <ResourceBaseClass Value="Frame"/>
        <EditorIndex Value="11"/>
        <WindowIndex Value="1"/>
        <TopLine Value="656"/>
        <CursorPos X="4" Y="677"/>
        <UsageCount Value="23"/>
        <Loaded Value="True"/>
        <LoadedDesigner Value="True"/>
      </Unit>
      <Unit>
        <Filename Value="Units\u_screen_fontbank.pas"/>
        <IsPartOfProject Value="True"/>
        <EditorIndex Value="13"/>
        <UsageCount Value="23"/>
        <Loaded Value="True"/>
      </Unit>
      <Unit>
        <Filename Value="Units\u_screen_uipaneleditor.pas"/>
        <IsPartOfProject Value="True"/>
        <EditorIndex Value="14"/>
        <TopLine Value="72"/>
        <CursorPos X="58" Y="85"/>
        <UsageCount Value="23"/>
        <Loaded Value="True"/>
      </Unit>
      <Unit>
        <Filename Value="Units\u_ui_objectlist.pas"/>
        <IsPartOfProject Value="True"/>
        <EditorIndex Value="14"/>
        <WindowIndex Value="1"/>
        <TopLine Value="162"/>
        <CursorPos X="32" Y="175"/>
        <UsageCount Value="23"/>
        <Loaded Value="True"/>
      </Unit>
    </Units>
    <JumpHistory HistoryIndex="29">
      <Position>
        <Filename Value="Units\frame_viewfontbank.pas"/>
        <Caret Line="630" Column="15" TopLine="608"/>
      </Position>
      <Position>
        <Filename Value="Units\frame_viewfontbank.pas"/>
        <Caret Line="674" Column="22" TopLine="651"/>
      </Position>
      <Position>
        <Filename Value="Units\form_main.pas"/>
        <Caret Line="423" Column="27" TopLine="402"/>
      </Position>
      <Position>
        <Filename Value="..\..\source\oglcType.inc"/>
        <Caret Line="227" TopLine="214"/>
      </Position>
      <Position>
        <Filename Value="Units\u_ui_objectlist.pas"/>
        <Caret Line="175" Column="32" TopLine="162"/>
      </Position>
      <Position>
        <Filename Value="Units\u_utils.pas"/>
        <Caret Line="68" Column="53" TopLine="55"/>
      </Position>
      <Position>
        <Filename Value="Units\u_utils.pas"/>
        <Caret Line="284" Column="66" TopLine="284"/>
      </Position>
      <Position>
        <Filename Value="Units\frame_tool_uipaneleditor.pas"/>
        <Caret Line="11" Column="3" TopLine="2"/>
      </Position>
      <Position>
        <Filename Value="Units\u_screen_uipaneleditor.pas"/>
        <Caret Line="85" Column="58" TopLine="72"/>
      </Position>
      <Position>
        <Filename Value="Units\form_main.pas"/>
        <Caret Line="227" Column="3" TopLine="204"/>
      </Position>
      <Position>
        <Filename Value="Units\form_main.pas"/>
        <Caret Line="269" Column="5" TopLine="256"/>
      </Position>
      <Position>
        <Filename Value="Units\form_main.pas"/>
        <Caret Line="116" Column="10" TopLine="98"/>
      </Position>
      <Position>
        <Filename Value="Units\u_resourcestring.pas"/>
        <Caret Line="24" Column="45" TopLine="7"/>
      </Position>
      <Position>
        <Filename Value="Units\u_resourcestring.pas"/>
        <Caret Line="25" Column="20" TopLine="7"/>
      </Position>
      <Position>
        <Filename Value="Units\frame_viewlevelbank.pas"/>
        <Caret Line="146" Column="46" TopLine="133"/>
      </Position>
      <Position>
        <Filename Value="Units\frame_viewlevelbank.pas"/>
        <Caret Line="417" Column="48" TopLine="405"/>
      </Position>
      <Position>
        <Filename Value="Units\frame_viewlevelbank.pas"/>
        <Caret Line="418" Column="38" TopLine="404"/>
      </Position>
      <Position>
        <Filename Value="Units\u_spritebank.pas"/>
        <Caret Line="362" Column="38" TopLine="351"/>
      </Position>
      <Position>
        <Filename Value="Units\u_utils.pas"/>
        <Caret Line="70" Column="12" TopLine="58"/>
      </Position>
      <Position>
        <Filename Value="Units\u_utils.pas"/>
        <Caret Line="303" Column="60" TopLine="299"/>
      </Position>
      <Position>
        <Filename Value="Units\u_utils.pas"/>
        <Caret Line="302" Column="10" TopLine="289"/>
      </Position>
      <Position>
        <Filename Value="Units\u_utils.pas"/>
        <Caret Line="73" Column="21" TopLine="61"/>
      </Position>
      <Position>
        <Filename Value="Units\u_utils.pas"/>
        <Caret Line="325" Column="5" TopLine="322"/>
      </Position>
      <Position>
        <Filename Value="Units\form_main.pas"/>
        <Caret Line="116" Column="10" TopLine="98"/>
      </Position>
      <Position>
        <Filename Value="Units\u_project.pas"/>
        <Caret Line="384" Column="25" TopLine="370"/>
      </Position>
      <Position>
        <Filename Value="Units\u_project.pas"/>
        <Caret Line="64" Column="13" TopLine="50"/>
      </Position>
      <Position>
        <Filename Value="Units\u_project.pas"/>
        <Caret Line="394" Column="34" TopLine="373"/>
      </Position>
      <Position>
        <Filename Value="Units\u_project.pas"/>
        <Caret Line="59" Column="13" TopLine="50"/>
      </Position>
      <Position>
        <Filename Value="Units\u_project.pas"/>
        <Caret Line="231" Column="3" TopLine="227"/>
      </Position>
      <Position>
        <Filename Value="Units\u_project.pas"/>
        <Caret Line="60" Column="12" TopLine="45"/>
      </Position>
    </JumpHistory>
  </ProjectOptions>
  <CompilerOptions>
    <Version Value="11"/>
    <PathDelim Value="\"/>
    <Target>
      <Filename Value="Binary\GameHelper"/>
    </Target>
    <SearchPaths>
      <IncludeFiles Value="$(ProjOutDir);Units"/>
      <OtherUnitFiles Value="Units;..\unit_common"/>
      <UnitOutputDirectory Value="lib\$(TargetCPU)-$(TargetOS)"/>
    </SearchPaths>
    <Parsing>
      <SyntaxOptions>
        <IncludeAssertionCode Value="True"/>
      </SyntaxOptions>
    </Parsing>
    <CodeGeneration>
      <Checks>
        <IOChecks Value="True"/>
        <RangeChecks Value="True"/>
        <OverflowChecks Value="True"/>
        <StackChecks Value="True"/>
      </Checks>
      <VerifyObjMethodCallValidity Value="True"/>
      <Optimizations>
        <VariablesInRegisters Value="True"/>
      </Optimizations>
    </CodeGeneration>
    <Linking>
      <Debugging>
        <DebugInfoType Value="dsDwarf2"/>
        <UseHeaptrc Value="True"/>
        <TrashVariables Value="True"/>
        <UseExternalDbgSyms Value="True"/>
      </Debugging>
    </Linking>
    <Other>
      <CompilerMessages>
        <IgnoredMessages idx6058="True"/>
      </CompilerMessages>
    </Other>
  </CompilerOptions>
  <Debugging>
    <Exceptions>
      <Item>
        <Name Value="EAbort"/>
      </Item>
      <Item>
        <Name Value="ECodetoolError"/>
      </Item>
      <Item>
        <Name Value="EFOpenError"/>
      </Item>
    </Exceptions>
  </Debugging>
</CONFIG>
